
Microsoft Visual Studio Solution File, Format Version 12.00
# Visual Studio Version 17
VisualStudioVersion = 17.0.32112.339
MinimumVisualStudioVersion = 10.0.40219.1
Project("{9A19103F-16F7-4668-BE54-9A1E7A4F7556}") = "FootballWeb", "FootballWeb\FootballWeb.csproj", "{8175367F-AF10-4A06-9668-CA322A4BB38A}"
EndProject
Project("{FAE04EC0-301F-11D3-BF4B-00C04F79EFBC}") = "Football.Entities", "Football.Entities\Football.Entities.csproj", "{AE57A33B-51EB-4ECF-951E-ACB4AE3A243C}"
EndProject
Project("{FAE04EC0-301F-11D3-BF4B-00C04F79EFBC}") = "Football.DataAccess", "Football.DataAccess\Football.DataAccess.csproj", "{5A3F3859-03DF-4617-A0A4-CE75A844867A}"
EndProject
Project("{FAE04EC0-301F-11D3-BF4B-00C04F79EFBC}") = "Football.Business", "Football.Business\Football.Business.csproj", "{87E1C807-6D11-4DE7-A9DC-88D9A38D05F8}"
EndProject
Project("{FAE04EC0-301F-11D3-BF4B-00C04F79EFBC}") = "Football.Dtos", "Football.Dto\Football.Dtos.csproj", "{699EF9AB-14D4-4DDC-9F3F-4F4D9ECF5C3E}"
EndProject
Global
	GlobalSection(SolutionConfigurationPlatforms) = preSolution
		Debug|Any CPU = Debug|Any CPU
		Release|Any CPU = Release|Any CPU
	EndGlobalSection
	GlobalSection(ProjectConfigurationPlatforms) = postSolution
		{8175367F-AF10-4A06-9668-CA322A4BB38A}.Debug|Any CPU.ActiveCfg = Debug|Any CPU
		{8175367F-AF10-4A06-9668-CA322A4BB38A}.Debug|Any CPU.Build.0 = Debug|Any CPU
		{8175367F-AF10-4A06-9668-CA322A4BB38A}.Release|Any CPU.ActiveCfg = Release|Any CPU
		{8175367F-AF10-4A06-9668-CA322A4BB38A}.Release|Any CPU.Build.0 = Release|Any CPU
		{AE57A33B-51EB-4ECF-951E-ACB4AE3A243C}.Debug|Any CPU.ActiveCfg = Debug|Any CPU
		{AE57A33B-51EB-4ECF-951E-ACB4AE3A243C}.Debug|Any CPU.Build.0 = Debug|Any CPU
		{AE57A33B-51EB-4ECF-951E-ACB4AE3A243C}.Release|Any CPU.ActiveCfg = Release|Any CPU
		{AE57A33B-51EB-4ECF-951E-ACB4AE3A243C}.Release|Any CPU.Build.0 = Release|Any CPU
		{5A3F3859-03DF-4617-A0A4-CE75A844867A}.Debug|Any CPU.ActiveCfg = Debug|Any CPU
		{5A3F3859-03DF-4617-A0A4-CE75A844867A}.Debug|Any CPU.Build.0 = Debug|Any CPU
		{5A3F3859-03DF-4617-A0A4-CE75A844867A}.Release|Any CPU.ActiveCfg = Release|Any CPU
		{5A3F3859-03DF-4617-A0A4-CE75A844867A}.Release|Any CPU.Build.0 = Release|Any CPU
		{87E1C807-6D11-4DE7-A9DC-88D9A38D05F8}.Debug|Any CPU.ActiveCfg = Debug|Any CPU
		{87E1C807-6D11-4DE7-A9DC-88D9A38D05F8}.Debug|Any CPU.Build.0 = Debug|Any CPU
		{87E1C807-6D11-4DE7-A9DC-88D9A38D05F8}.Release|Any CPU.ActiveCfg = Release|Any CPU
		{87E1C807-6D11-4DE7-A9DC-88D9A38D05F8}.Release|Any CPU.Build.0 = Release|Any CPU
		{699EF9AB-14D4-4DDC-9F3F-4F4D9ECF5C3E}.Debug|Any CPU.ActiveCfg = Debug|Any CPU
		{699EF9AB-14D4-4DDC-9F3F-4F4D9ECF5C3E}.Debug|Any CPU.Build.0 = Debug|Any CPU
		{699EF9AB-14D4-4DDC-9F3F-4F4D9ECF5C3E}.Release|Any CPU.ActiveCfg = Release|Any CPU
		{699EF9AB-14D4-4DDC-9F3F-4F4D9ECF5C3E}.Release|Any CPU.Build.0 = Release|Any CPU
	EndGlobalSection
	GlobalSection(SolutionProperties) = preSolution
		HideSolutionNode = FALSE
	EndGlobalSection
	GlobalSection(ExtensibilityGlobals) = postSolution
		SolutionGuid = {007B4E8B-7141-4FB8-B695-F5AE866EA785}
	EndGlobalSection
EndGlobal
